
Microsoft Visual Studio Solution File, Format Version 12.00
# Visual Studio Version 17
VisualStudioVersion = 17.8.34511.84
MinimumVisualStudioVersion = 10.0.40219.1
Project("{FAE04EC0-301F-11D3-BF4B-00C04F79EFBC}") = "WinFormsApp2", "WinFormsApp2\WinFormsApp2.csproj", "{93C64405-66DD-43EA-A259-F66F163F755F}"
EndProject
Global
	GlobalSection(SolutionConfigurationPlatforms) = preSolution
		Debug|Any CPU = Debug|Any CPU
		Release|Any CPU = Release|Any CPU
	EndGlobalSection
	GlobalSection(ProjectConfigurationPlatforms) = postSolution
		{93C64405-66DD-43EA-A259-F66F163F755F}.Debug|Any CPU.ActiveCfg = Debug|Any CPU
		{93C64405-66DD-43EA-A259-F66F163F755F}.Debug|Any CPU.Build.0 = Debug|Any CPU
		{93C64405-66DD-43EA-A259-F66F163F755F}.Release|Any CPU.ActiveCfg = Release|Any CPU
		{93C64405-66DD-43EA-A259-F66F163F755F}.Release|Any CPU.Build.0 = Release|Any CPU
	EndGlobalSection
	GlobalSection(SolutionProperties) = preSolution
		HideSolutionNode = FALSE
	EndGlobalSection
	GlobalSection(ExtensibilityGlobals) = postSolution
		SolutionGuid = {D39A38A6-3E00-440D-B306-964994702A8D}
	EndGlobalSection
EndGlobal
