
Microsoft Visual Studio Solution File, Format Version 12.00
# Visual Studio Version 17
VisualStudioVersion = 17.8.34525.116
MinimumVisualStudioVersion = 10.0.40219.1
Project("{FAE04EC0-301F-11D3-BF4B-00C04F79EFBC}") = "Loginsql", "Loginsql\Loginsql.csproj", "{11DA85ED-54BE-4904-9D07-91C54231054A}"
EndProject
Global
	GlobalSection(SolutionConfigurationPlatforms) = preSolution
		Debug|Any CPU = Debug|Any CPU
		Release|Any CPU = Release|Any CPU
	EndGlobalSection
	GlobalSection(ProjectConfigurationPlatforms) = postSolution
		{11DA85ED-54BE-4904-9D07-91C54231054A}.Debug|Any CPU.ActiveCfg = Debug|Any CPU
		{11DA85ED-54BE-4904-9D07-91C54231054A}.Debug|Any CPU.Build.0 = Debug|Any CPU
		{11DA85ED-54BE-4904-9D07-91C54231054A}.Release|Any CPU.ActiveCfg = Release|Any CPU
		{11DA85ED-54BE-4904-9D07-91C54231054A}.Release|Any CPU.Build.0 = Release|Any CPU
	EndGlobalSection
	GlobalSection(SolutionProperties) = preSolution
		HideSolutionNode = FALSE
	EndGlobalSection
	GlobalSection(ExtensibilityGlobals) = postSolution
		SolutionGuid = {C05641B8-9BC4-41F6-A3A5-DD942CE29B7C}
	EndGlobalSection
EndGlobal
