
Microsoft Visual Studio Solution File, Format Version 12.00
# Visual Studio Version 17
VisualStudioVersion = 17.8.34525.116
MinimumVisualStudioVersion = 10.0.40219.1
Project("{9A19103F-16F7-4668-BE54-9A1E7A4F7556}") = "DonerDetailsForm", "DonerDetailsForm\DonerDetailsForm.csproj", "{55B5FA13-16A4-4666-9E2B-BDA5FD321F42}"
EndProject
Project("{2150E333-8FDC-42A3-9474-1A3956D46DE8}") = "Solution Items", "Solution Items", "{16FF72F8-0251-4D50-A47D-A3A9B86B42AF}"
	ProjectSection(SolutionItems) = preProject
		.editorconfig = .editorconfig
	EndProjectSection
EndProject
Global
	GlobalSection(SolutionConfigurationPlatforms) = preSolution
		Debug|Any CPU = Debug|Any CPU
		Release|Any CPU = Release|Any CPU
	EndGlobalSection
	GlobalSection(ProjectConfigurationPlatforms) = postSolution
		{55B5FA13-16A4-4666-9E2B-BDA5FD321F42}.Debug|Any CPU.ActiveCfg = Debug|Any CPU
		{55B5FA13-16A4-4666-9E2B-BDA5FD321F42}.Debug|Any CPU.Build.0 = Debug|Any CPU
		{55B5FA13-16A4-4666-9E2B-BDA5FD321F42}.Release|Any CPU.ActiveCfg = Release|Any CPU
		{55B5FA13-16A4-4666-9E2B-BDA5FD321F42}.Release|Any CPU.Build.0 = Release|Any CPU
	EndGlobalSection
	GlobalSection(SolutionProperties) = preSolution
		HideSolutionNode = FALSE
	EndGlobalSection
	GlobalSection(ExtensibilityGlobals) = postSolution
		SolutionGuid = {2947A8CD-8AAB-48B7-880E-4FDF67A264D0}
	EndGlobalSection
EndGlobal
