
Microsoft Visual Studio Solution File, Format Version 12.00
# Visual Studio Version 17
VisualStudioVersion = 17.8.34511.84
MinimumVisualStudioVersion = 10.0.40219.1
Project("{FAE04EC0-301F-11D3-BF4B-00C04F79EFBC}") = "Hello World", "Hello World\Hello World.csproj", "{0A87D457-8BAC-4DD1-9342-D0017D0D38EC}"
EndProject
Global
	GlobalSection(SolutionConfigurationPlatforms) = preSolution
		Debug|Any CPU = Debug|Any CPU
		Release|Any CPU = Release|Any CPU
	EndGlobalSection
	GlobalSection(ProjectConfigurationPlatforms) = postSolution
		{0A87D457-8BAC-4DD1-9342-D0017D0D38EC}.Debug|Any CPU.ActiveCfg = Debug|Any CPU
		{0A87D457-8BAC-4DD1-9342-D0017D0D38EC}.Debug|Any CPU.Build.0 = Debug|Any CPU
		{0A87D457-8BAC-4DD1-9342-D0017D0D38EC}.Release|Any CPU.ActiveCfg = Release|Any CPU
		{0A87D457-8BAC-4DD1-9342-D0017D0D38EC}.Release|Any CPU.Build.0 = Release|Any CPU
	EndGlobalSection
	GlobalSection(SolutionProperties) = preSolution
		HideSolutionNode = FALSE
	EndGlobalSection
	GlobalSection(ExtensibilityGlobals) = postSolution
		SolutionGuid = {F124F728-DB4F-49D4-B1A1-8E15708B9A4A}
	EndGlobalSection
EndGlobal
